
Microsoft Visual Studio Solution File, Format Version 12.00
# Visual Studio Version 16
VisualStudioVersion = 16.0.30717.126
MinimumVisualStudioVersion = 10.0.40219.1
Project("{FAE04EC0-301F-11D3-BF4B-00C04F79EFBC}") = "Lesson2", "Lesson2\Lesson2.csproj", "{44A5AC04-C914-4900-B728-64AE0659CB2B}"
EndProject
Global
	GlobalSection(SolutionConfigurationPlatforms) = preSolution
		Debug|Any CPU = Debug|Any CPU
		Release|Any CPU = Release|Any CPU
	EndGlobalSection
	GlobalSection(ProjectConfigurationPlatforms) = postSolution
		{44A5AC04-C914-4900-B728-64AE0659CB2B}.Debug|Any CPU.ActiveCfg = Debug|Any CPU
		{44A5AC04-C914-4900-B728-64AE0659CB2B}.Debug|Any CPU.Build.0 = Debug|Any CPU
		{44A5AC04-C914-4900-B728-64AE0659CB2B}.Release|Any CPU.ActiveCfg = Release|Any CPU
		{44A5AC04-C914-4900-B728-64AE0659CB2B}.Release|Any CPU.Build.0 = Release|Any CPU
	EndGlobalSection
	GlobalSection(SolutionProperties) = preSolution
		HideSolutionNode = FALSE
	EndGlobalSection
	GlobalSection(ExtensibilityGlobals) = postSolution
		SolutionGuid = {26776CED-774A-4AC2-B977-17C77A616681}
	EndGlobalSection
EndGlobal
